// !$*UTF8*$!
{
	archiveVersion = 1;
	classes = {
	};
	objectVersion = 55;
	objects = {

/* Begin PBXBuildFile section */
		1595547F2860716500FDF192 /* GlucoseFoodCell.swift in Sources */ = {isa = PBXBuildFile; fileRef = 1595547D2860716500FDF192 /* GlucoseFoodCell.swift */; };
		159554802860716500FDF192 /* GlucoseFoodCell.xib in Resources */ = {isa = PBXBuildFile; fileRef = 1595547E2860716500FDF192 /* GlucoseFoodCell.xib */; };
		15955483286076CE00FDF192 /* MainScreen.swift in Sources */ = {isa = PBXBuildFile; fileRef = 15955481286076CE00FDF192 /* MainScreen.swift */; };
		1595548828607B4500FDF192 /* MainScreen.storyboard in Resources */ = {isa = PBXBuildFile; fileRef = 1595548728607B4500FDF192 /* MainScreen.storyboard */; };
		1595548A2860BFDB00FDF192 /* FoodDetail.storyboard in Resources */ = {isa = PBXBuildFile; fileRef = 159554892860BFDB00FDF192 /* FoodDetail.storyboard */; };
		1595548C2860BFF900FDF192 /* FoodDetailViewController.swift in Sources */ = {isa = PBXBuildFile; fileRef = 1595548B2860BFF900FDF192 /* FoodDetailViewController.swift */; };
		15F0878C2860C3DB00EB8E19 /* InjectMeals.storyboard in Resources */ = {isa = PBXBuildFile; fileRef = 15F0878B2860C3DB00EB8E19 /* InjectMeals.storyboard */; };
		15F0878E2860C3EA00EB8E19 /* Sample.storyboard in Resources */ = {isa = PBXBuildFile; fileRef = 15F0878D2860C3EA00EB8E19 /* Sample.storyboard */; };
		15F087902860C49300EB8E19 /* InjectMealsViewController.swift in Sources */ = {isa = PBXBuildFile; fileRef = 15F0878F2860C49300EB8E19 /* InjectMealsViewController.swift */; };
		15F087922860C53E00EB8E19 /* SampleViewController.swift in Sources */ = {isa = PBXBuildFile; fileRef = 15F087912860C53E00EB8E19 /* SampleViewController.swift */; };
		15F087962860F49100EB8E19 /* TableViewCell.swift in Sources */ = {isa = PBXBuildFile; fileRef = 15F087942860F49100EB8E19 /* TableViewCell.swift */; };
		15F087972860F49100EB8E19 /* TableViewCell.xib in Resources */ = {isa = PBXBuildFile; fileRef = 15F087952860F49100EB8E19 /* TableViewCell.xib */; };
		15F087A9286743BF00EB8E19 /* DictionaryExtension.swift in Sources */ = {isa = PBXBuildFile; fileRef = 15F087A5286743BF00EB8E19 /* DictionaryExtension.swift */; };
		15F087AA286743BF00EB8E19 /* MealsInputViewcontroller.swift in Sources */ = {isa = PBXBuildFile; fileRef = 15F087A6286743BF00EB8E19 /* MealsInputViewcontroller.swift */; };
		15F087AB286743C000EB8E19 /* MealsInput.storyboard in Resources */ = {isa = PBXBuildFile; fileRef = 15F087A7286743BF00EB8E19 /* MealsInput.storyboard */; };
		15F087AE286744D200EB8E19 /* SharedInfo.swift in Sources */ = {isa = PBXBuildFile; fileRef = 15F087AD286744D200EB8E19 /* SharedInfo.swift */; };
		15F087B02867F3BF00EB8E19 /* CategoryViewController.swift in Sources */ = {isa = PBXBuildFile; fileRef = 15F087AF2867F3BF00EB8E19 /* CategoryViewController.swift */; };
		3C2985F3285DE77400694432 /* Food+CoreDataClass.swift in Sources */ = {isa = PBXBuildFile; fileRef = 3C2985ED285DE77400694432 /* Food+CoreDataClass.swift */; };
		3C2985F4285DE77400694432 /* Food+CoreDataProperties.swift in Sources */ = {isa = PBXBuildFile; fileRef = 3C2985EE285DE77400694432 /* Food+CoreDataProperties.swift */; };
		3C2985F5285DE77400694432 /* FoodInfo+CoreDataClass.swift in Sources */ = {isa = PBXBuildFile; fileRef = 3C2985EF285DE77400694432 /* FoodInfo+CoreDataClass.swift */; };
		3C2985F6285DE77400694432 /* FoodInfo+CoreDataProperties.swift in Sources */ = {isa = PBXBuildFile; fileRef = 3C2985F0285DE77400694432 /* FoodInfo+CoreDataProperties.swift */; };
		3C2985F7285DE77400694432 /* GulaDarah+CoreDataClass.swift in Sources */ = {isa = PBXBuildFile; fileRef = 3C2985F1285DE77400694432 /* GulaDarah+CoreDataClass.swift */; };
		3C2985F8285DE77400694432 /* GulaDarah+CoreDataProperties.swift in Sources */ = {isa = PBXBuildFile; fileRef = 3C2985F2285DE77400694432 /* GulaDarah+CoreDataProperties.swift */; };
		3C3FB42B28546B800072351F /* DBTest.storyboard in Resources */ = {isa = PBXBuildFile; fileRef = 3C3FB42A28546B800072351F /* DBTest.storyboard */; };
		3C3FB42D28546BCE0072351F /* DBTest.swift in Sources */ = {isa = PBXBuildFile; fileRef = 3C3FB42C28546BCE0072351F /* DBTest.swift */; };
		3C3FB437285490090072351F /* siomay.jpeg in Resources */ = {isa = PBXBuildFile; fileRef = 3C3FB436285490090072351F /* siomay.jpeg */; };
		3C3FB4392854971F0072351F /* DBHelper.swift in Sources */ = {isa = PBXBuildFile; fileRef = 3C3FB4382854971F0072351F /* DBHelper.swift */; };
		3CAE5DC1286857BD00958712 /* MealTableViewCell.swift in Sources */ = {isa = PBXBuildFile; fileRef = 3CAE5DBB286857BD00958712 /* MealTableViewCell.swift */; };
		3CAE5DC2286857BD00958712 /* MealTableViewCell.xib in Resources */ = {isa = PBXBuildFile; fileRef = 3CAE5DBC286857BD00958712 /* MealTableViewCell.xib */; };
		3CAE5DC3286857BD00958712 /* Meal.storyboard in Resources */ = {isa = PBXBuildFile; fileRef = 3CAE5DBD286857BD00958712 /* Meal.storyboard */; };
		3CAE5DC5286857BD00958712 /* MealViewController.swift in Sources */ = {isa = PBXBuildFile; fileRef = 3CAE5DBF286857BD00958712 /* MealViewController.swift */; };
		3CAE5DC6286857BD00958712 /* DateCollectionViewCell.swift in Sources */ = {isa = PBXBuildFile; fileRef = 3CAE5DC0286857BD00958712 /* DateCollectionViewCell.swift */; };
		3CAE5DC828685A5D00958712 /* FoodViewController.swift in Sources */ = {isa = PBXBuildFile; fileRef = 3CAE5DC728685A5D00958712 /* FoodViewController.swift */; };
		3CB22993285309BF0054797B /* Dummy.storyboard in Resources */ = {isa = PBXBuildFile; fileRef = 3CB22992285309BF0054797B /* Dummy.storyboard */; };
		3CB2299528530A4D0054797B /* DummyViewController.swift in Sources */ = {isa = PBXBuildFile; fileRef = 3CB2299428530A4D0054797B /* DummyViewController.swift */; };
		3CB2299E28530C280054797B /* Color.swift in Sources */ = {isa = PBXBuildFile; fileRef = 3CB2299D28530C280054797B /* Color.swift */; };
		3CB229A228530C7D0054797B /* DayFoodCell.swift in Sources */ = {isa = PBXBuildFile; fileRef = 3CB229A028530C7D0054797B /* DayFoodCell.swift */; };
		3CB229A328530C7D0054797B /* DayFoodCell.xib in Resources */ = {isa = PBXBuildFile; fileRef = 3CB229A128530C7D0054797B /* DayFoodCell.xib */; };
		A119A1DA28632D0100719F67 /* Main.storyboard in Resources */ = {isa = PBXBuildFile; fileRef = A119A1D928632D0100719F67 /* Main.storyboard */; };
		F91B516128689EB200584437 /* EditMealsViewController.swift in Sources */ = {isa = PBXBuildFile; fileRef = F91B516028689EB200584437 /* EditMealsViewController.swift */; };
		F91B516328689F3200584437 /* EditCategoryViewController.swift in Sources */ = {isa = PBXBuildFile; fileRef = F91B516228689F3200584437 /* EditCategoryViewController.swift */; };
		F91B516528689F8E00584437 /* EditMeals.storyboard in Resources */ = {isa = PBXBuildFile; fileRef = F91B516428689F8E00584437 /* EditMeals.storyboard */; };
		F94930E4284E549D005C0B43 /* AppDelegate.swift in Sources */ = {isa = PBXBuildFile; fileRef = F94930E3284E549D005C0B43 /* AppDelegate.swift */; };
		F94930E6284E549D005C0B43 /* SceneDelegate.swift in Sources */ = {isa = PBXBuildFile; fileRef = F94930E5284E549D005C0B43 /* SceneDelegate.swift */; };
		F94930EE284E549D005C0B43 /* DiaBeta.xcdatamodeld in Sources */ = {isa = PBXBuildFile; fileRef = F94930EC284E549D005C0B43 /* DiaBeta.xcdatamodeld */; };
		F94930F0284E549E005C0B43 /* Assets.xcassets in Resources */ = {isa = PBXBuildFile; fileRef = F94930EF284E549E005C0B43 /* Assets.xcassets */; };
		F94930F3284E549E005C0B43 /* LaunchScreen.storyboard in Resources */ = {isa = PBXBuildFile; fileRef = F94930F1284E549E005C0B43 /* LaunchScreen.storyboard */; };
/* End PBXBuildFile section */

/* Begin PBXFileReference section */
		1595547D2860716500FDF192 /* GlucoseFoodCell.swift */ = {isa = PBXFileReference; lastKnownFileType = sourcecode.swift; path = GlucoseFoodCell.swift; sourceTree = "<group>"; };
		1595547E2860716500FDF192 /* GlucoseFoodCell.xib */ = {isa = PBXFileReference; lastKnownFileType = file.xib; path = GlucoseFoodCell.xib; sourceTree = "<group>"; };
		15955481286076CE00FDF192 /* MainScreen.swift */ = {isa = PBXFileReference; lastKnownFileType = sourcecode.swift; path = MainScreen.swift; sourceTree = "<group>"; };
		1595548728607B4500FDF192 /* MainScreen.storyboard */ = {isa = PBXFileReference; lastKnownFileType = file.storyboard; path = MainScreen.storyboard; sourceTree = "<group>"; };
		159554892860BFDB00FDF192 /* FoodDetail.storyboard */ = {isa = PBXFileReference; lastKnownFileType = file.storyboard; path = FoodDetail.storyboard; sourceTree = "<group>"; };
		1595548B2860BFF900FDF192 /* FoodDetailViewController.swift */ = {isa = PBXFileReference; lastKnownFileType = sourcecode.swift; path = FoodDetailViewController.swift; sourceTree = "<group>"; };
		15F0878B2860C3DB00EB8E19 /* InjectMeals.storyboard */ = {isa = PBXFileReference; lastKnownFileType = file.storyboard; path = InjectMeals.storyboard; sourceTree = "<group>"; };
		15F0878D2860C3EA00EB8E19 /* Sample.storyboard */ = {isa = PBXFileReference; lastKnownFileType = file.storyboard; path = Sample.storyboard; sourceTree = "<group>"; };
		15F0878F2860C49300EB8E19 /* InjectMealsViewController.swift */ = {isa = PBXFileReference; lastKnownFileType = sourcecode.swift; path = InjectMealsViewController.swift; sourceTree = "<group>"; };
		15F087912860C53E00EB8E19 /* SampleViewController.swift */ = {isa = PBXFileReference; lastKnownFileType = sourcecode.swift; path = SampleViewController.swift; sourceTree = "<group>"; };
		15F087942860F49100EB8E19 /* TableViewCell.swift */ = {isa = PBXFileReference; lastKnownFileType = sourcecode.swift; path = TableViewCell.swift; sourceTree = "<group>"; };
		15F087952860F49100EB8E19 /* TableViewCell.xib */ = {isa = PBXFileReference; lastKnownFileType = file.xib; path = TableViewCell.xib; sourceTree = "<group>"; };
		15F087A5286743BF00EB8E19 /* DictionaryExtension.swift */ = {isa = PBXFileReference; fileEncoding = 4; lastKnownFileType = sourcecode.swift; path = DictionaryExtension.swift; sourceTree = "<group>"; };
		15F087A6286743BF00EB8E19 /* MealsInputViewcontroller.swift */ = {isa = PBXFileReference; fileEncoding = 4; lastKnownFileType = sourcecode.swift; path = MealsInputViewcontroller.swift; sourceTree = "<group>"; };
		15F087A7286743BF00EB8E19 /* MealsInput.storyboard */ = {isa = PBXFileReference; fileEncoding = 4; lastKnownFileType = file.storyboard; path = MealsInput.storyboard; sourceTree = "<group>"; };
		15F087AD286744D200EB8E19 /* SharedInfo.swift */ = {isa = PBXFileReference; fileEncoding = 4; lastKnownFileType = sourcecode.swift; path = SharedInfo.swift; sourceTree = "<group>"; };
		15F087AF2867F3BF00EB8E19 /* CategoryViewController.swift */ = {isa = PBXFileReference; lastKnownFileType = sourcecode.swift; path = CategoryViewController.swift; sourceTree = "<group>"; };
		3C2985ED285DE77400694432 /* Food+CoreDataClass.swift */ = {isa = PBXFileReference; lastKnownFileType = sourcecode.swift; path = "Food+CoreDataClass.swift"; sourceTree = "<group>"; };
		3C2985EE285DE77400694432 /* Food+CoreDataProperties.swift */ = {isa = PBXFileReference; lastKnownFileType = sourcecode.swift; path = "Food+CoreDataProperties.swift"; sourceTree = "<group>"; };
		3C2985EF285DE77400694432 /* FoodInfo+CoreDataClass.swift */ = {isa = PBXFileReference; lastKnownFileType = sourcecode.swift; path = "FoodInfo+CoreDataClass.swift"; sourceTree = "<group>"; };
		3C2985F0285DE77400694432 /* FoodInfo+CoreDataProperties.swift */ = {isa = PBXFileReference; lastKnownFileType = sourcecode.swift; path = "FoodInfo+CoreDataProperties.swift"; sourceTree = "<group>"; };
		3C2985F1285DE77400694432 /* GulaDarah+CoreDataClass.swift */ = {isa = PBXFileReference; lastKnownFileType = sourcecode.swift; path = "GulaDarah+CoreDataClass.swift"; sourceTree = "<group>"; };
		3C2985F2285DE77400694432 /* GulaDarah+CoreDataProperties.swift */ = {isa = PBXFileReference; lastKnownFileType = sourcecode.swift; path = "GulaDarah+CoreDataProperties.swift"; sourceTree = "<group>"; };
		3C3FB42A28546B800072351F /* DBTest.storyboard */ = {isa = PBXFileReference; lastKnownFileType = file.storyboard; path = DBTest.storyboard; sourceTree = "<group>"; };
		3C3FB42C28546BCE0072351F /* DBTest.swift */ = {isa = PBXFileReference; lastKnownFileType = sourcecode.swift; path = DBTest.swift; sourceTree = "<group>"; };
		3C3FB436285490090072351F /* siomay.jpeg */ = {isa = PBXFileReference; lastKnownFileType = image.jpeg; path = siomay.jpeg; sourceTree = "<group>"; };
		3C3FB4382854971F0072351F /* DBHelper.swift */ = {isa = PBXFileReference; lastKnownFileType = sourcecode.swift; path = DBHelper.swift; sourceTree = "<group>"; };
		3CAE5DBB286857BD00958712 /* MealTableViewCell.swift */ = {isa = PBXFileReference; fileEncoding = 4; lastKnownFileType = sourcecode.swift; path = MealTableViewCell.swift; sourceTree = "<group>"; };
		3CAE5DBC286857BD00958712 /* MealTableViewCell.xib */ = {isa = PBXFileReference; fileEncoding = 4; lastKnownFileType = file.xib; path = MealTableViewCell.xib; sourceTree = "<group>"; };
		3CAE5DBD286857BD00958712 /* Meal.storyboard */ = {isa = PBXFileReference; fileEncoding = 4; lastKnownFileType = file.storyboard; path = Meal.storyboard; sourceTree = "<group>"; };
		3CAE5DBF286857BD00958712 /* MealViewController.swift */ = {isa = PBXFileReference; fileEncoding = 4; lastKnownFileType = sourcecode.swift; path = MealViewController.swift; sourceTree = "<group>"; };
		3CAE5DC0286857BD00958712 /* DateCollectionViewCell.swift */ = {isa = PBXFileReference; fileEncoding = 4; lastKnownFileType = sourcecode.swift; path = DateCollectionViewCell.swift; sourceTree = "<group>"; };
		3CAE5DC728685A5D00958712 /* FoodViewController.swift */ = {isa = PBXFileReference; lastKnownFileType = sourcecode.swift; path = FoodViewController.swift; sourceTree = "<group>"; };
		3CB22992285309BF0054797B /* Dummy.storyboard */ = {isa = PBXFileReference; lastKnownFileType = file.storyboard; path = Dummy.storyboard; sourceTree = "<group>"; };
		3CB2299428530A4D0054797B /* DummyViewController.swift */ = {isa = PBXFileReference; lastKnownFileType = sourcecode.swift; path = DummyViewController.swift; sourceTree = "<group>"; };
		3CB2299D28530C280054797B /* Color.swift */ = {isa = PBXFileReference; lastKnownFileType = sourcecode.swift; path = Color.swift; sourceTree = "<group>"; };
		3CB229A028530C7D0054797B /* DayFoodCell.swift */ = {isa = PBXFileReference; lastKnownFileType = sourcecode.swift; path = DayFoodCell.swift; sourceTree = "<group>"; };
		3CB229A128530C7D0054797B /* DayFoodCell.xib */ = {isa = PBXFileReference; lastKnownFileType = file.xib; path = DayFoodCell.xib; sourceTree = "<group>"; };
		A119A1D928632D0100719F67 /* Main.storyboard */ = {isa = PBXFileReference; lastKnownFileType = file.storyboard; path = Main.storyboard; sourceTree = "<group>"; };
		F91B516028689EB200584437 /* EditMealsViewController.swift */ = {isa = PBXFileReference; lastKnownFileType = sourcecode.swift; path = EditMealsViewController.swift; sourceTree = "<group>"; };
		F91B516228689F3200584437 /* EditCategoryViewController.swift */ = {isa = PBXFileReference; lastKnownFileType = sourcecode.swift; path = EditCategoryViewController.swift; sourceTree = "<group>"; };
		F91B516428689F8E00584437 /* EditMeals.storyboard */ = {isa = PBXFileReference; lastKnownFileType = file.storyboard; path = EditMeals.storyboard; sourceTree = "<group>"; };
		F94930E0284E549D005C0B43 /* DiaBeta.app */ = {isa = PBXFileReference; explicitFileType = wrapper.application; includeInIndex = 0; path = DiaBeta.app; sourceTree = BUILT_PRODUCTS_DIR; };
		F94930E3284E549D005C0B43 /* AppDelegate.swift */ = {isa = PBXFileReference; lastKnownFileType = sourcecode.swift; path = AppDelegate.swift; sourceTree = "<group>"; };
		F94930E5284E549D005C0B43 /* SceneDelegate.swift */ = {isa = PBXFileReference; lastKnownFileType = sourcecode.swift; path = SceneDelegate.swift; sourceTree = "<group>"; };
		F94930ED284E549D005C0B43 /* DiaBeta.xcdatamodel */ = {isa = PBXFileReference; lastKnownFileType = wrapper.xcdatamodel; path = DiaBeta.xcdatamodel; sourceTree = "<group>"; };
		F94930EF284E549E005C0B43 /* Assets.xcassets */ = {isa = PBXFileReference; lastKnownFileType = folder.assetcatalog; path = Assets.xcassets; sourceTree = "<group>"; };
		F94930F2284E549E005C0B43 /* Base */ = {isa = PBXFileReference; lastKnownFileType = file.storyboard; name = Base; path = Base.lproj/LaunchScreen.storyboard; sourceTree = "<group>"; };
		F94930F4284E549E005C0B43 /* Info.plist */ = {isa = PBXFileReference; lastKnownFileType = text.plist.xml; path = Info.plist; sourceTree = "<group>"; };
/* End PBXFileReference section */

/* Begin PBXFrameworksBuildPhase section */
		F94930DD284E549D005C0B43 /* Frameworks */ = {
			isa = PBXFrameworksBuildPhase;
			buildActionMask = 2147483647;
			files = (
			);
			runOnlyForDeploymentPostprocessing = 0;
		};
/* End PBXFrameworksBuildPhase section */

/* Begin PBXGroup section */
		1595547B28606ACC00FDF192 /* MainScreen */ = {
			isa = PBXGroup;
			children = (
				15955481286076CE00FDF192 /* MainScreen.swift */,
				1595548728607B4500FDF192 /* MainScreen.storyboard */,
			);
			path = MainScreen;
			sourceTree = "<group>";
		};
		1595547C28606F2200FDF192 /* GlucoseFoodCell */ = {
			isa = PBXGroup;
			children = (
				1595547D2860716500FDF192 /* GlucoseFoodCell.swift */,
				1595547E2860716500FDF192 /* GlucoseFoodCell.xib */,
			);
			path = GlucoseFoodCell;
			sourceTree = "<group>";
		};
		15F087892860C3B500EB8E19 /* InjectMeals */ = {
			isa = PBXGroup;
			children = (
				15F0878B2860C3DB00EB8E19 /* InjectMeals.storyboard */,
				15F0878F2860C49300EB8E19 /* InjectMealsViewController.swift */,
			);
			path = InjectMeals;
			sourceTree = "<group>";
		};
		15F0878A2860C3B800EB8E19 /* BloodSample */ = {
			isa = PBXGroup;
			children = (
				15F0878D2860C3EA00EB8E19 /* Sample.storyboard */,
				15F087912860C53E00EB8E19 /* SampleViewController.swift */,
			);
			path = BloodSample;
			sourceTree = "<group>";
		};
		15F087932860F41A00EB8E19 /* MealCell */ = {
			isa = PBXGroup;
			children = (
				15F087942860F49100EB8E19 /* TableViewCell.swift */,
				15F087952860F49100EB8E19 /* TableViewCell.xib */,
			);
			path = MealCell;
			sourceTree = "<group>";
		};
		15F087982862A15300EB8E19 /* FoodDetail */ = {
			isa = PBXGroup;
			children = (
				1595548B2860BFF900FDF192 /* FoodDetailViewController.swift */,
				159554892860BFDB00FDF192 /* FoodDetail.storyboard */,
			);
			path = FoodDetail;
			sourceTree = "<group>";
		};
		15F087A328673FD000EB8E19 /* Recovered References */ = {
			isa = PBXGroup;
			children = (
			);
			name = "Recovered References";
			sourceTree = "<group>";
		};
		15F087A42867439A00EB8E19 /* MealsInput */ = {
			isa = PBXGroup;
			children = (
				15F087A5286743BF00EB8E19 /* DictionaryExtension.swift */,
				15F087A7286743BF00EB8E19 /* MealsInput.storyboard */,
				15F087A6286743BF00EB8E19 /* MealsInputViewcontroller.swift */,
				15F087AF2867F3BF00EB8E19 /* CategoryViewController.swift */,
			);
			path = MealsInput;
			sourceTree = "<group>";
		};
		3C3FB42828546B1F0072351F /* model */ = {
			isa = PBXGroup;
			children = (
				3C2985ED285DE77400694432 /* Food+CoreDataClass.swift */,
				3C2985EE285DE77400694432 /* Food+CoreDataProperties.swift */,
				3C2985EF285DE77400694432 /* FoodInfo+CoreDataClass.swift */,
				3C2985F0285DE77400694432 /* FoodInfo+CoreDataProperties.swift */,
				3C2985F1285DE77400694432 /* GulaDarah+CoreDataClass.swift */,
				3C2985F2285DE77400694432 /* GulaDarah+CoreDataProperties.swift */,
			);
			path = model;
			sourceTree = "<group>";
		};
		3C3FB42928546B6D0072351F /* tester */ = {
			isa = PBXGroup;
			children = (
				3C3FB436285490090072351F /* siomay.jpeg */,
				3C3FB42A28546B800072351F /* DBTest.storyboard */,
				3C3FB42C28546BCE0072351F /* DBTest.swift */,
			);
			path = tester;
			sourceTree = "<group>";
		};
		3CAE5DBA286857BD00958712 /* Meals */ = {
			isa = PBXGroup;
			children = (
				3CAE5DBB286857BD00958712 /* MealTableViewCell.swift */,
				3CAE5DBC286857BD00958712 /* MealTableViewCell.xib */,
				3CAE5DBD286857BD00958712 /* Meal.storyboard */,
				3CAE5DBF286857BD00958712 /* MealViewController.swift */,
				3CAE5DC0286857BD00958712 /* DateCollectionViewCell.swift */,
				3CAE5DC728685A5D00958712 /* FoodViewController.swift */,
			);
			path = Meals;
			sourceTree = "<group>";
		};
		3CB2298E2852F81A0054797B /* Feature */ = {
			isa = PBXGroup;
			children = (
				3CB2298F2852FA060054797B /* Pages */,
			);
			path = Feature;
			sourceTree = "<group>";
		};
		3CB2298F2852FA060054797B /* Pages */ = {
			isa = PBXGroup;
			children = (
				F91B515F28689DC800584437 /* EditMeals */,
				3CAE5DBA286857BD00958712 /* Meals */,
				15F087A42867439A00EB8E19 /* MealsInput */,
				15F087982862A15300EB8E19 /* FoodDetail */,
				15F0878A2860C3B800EB8E19 /* BloodSample */,
				15F087892860C3B500EB8E19 /* InjectMeals */,
				1595547B28606ACC00FDF192 /* MainScreen */,
				3CB229912852FA310054797B /* Dummy */,
			);
			path = Pages;
			sourceTree = "<group>";
		};
		3CB229912852FA310054797B /* Dummy */ = {
			isa = PBXGroup;
			children = (
				3CB22992285309BF0054797B /* Dummy.storyboard */,
				3CB2299428530A4D0054797B /* DummyViewController.swift */,
			);
			path = Dummy;
			sourceTree = "<group>";
		};
		3CB2299628530ABE0054797B /* Utilities */ = {
			isa = PBXGroup;
			children = (
				3CB2299728530AD10054797B /* CoreData */,
			);
			path = Utilities;
			sourceTree = "<group>";
		};
		3CB2299728530AD10054797B /* CoreData */ = {
			isa = PBXGroup;
			children = (
				3C3FB42928546B6D0072351F /* tester */,
				3C3FB42828546B1F0072351F /* model */,
				F94930EC284E549D005C0B43 /* DiaBeta.xcdatamodeld */,
			);
			path = CoreData;
			sourceTree = "<group>";
		};
		3CB2299828530AFB0054797B /* Helper */ = {
			isa = PBXGroup;
			children = (
				15F087AD286744D200EB8E19 /* SharedInfo.swift */,
				3C3FB4382854971F0072351F /* DBHelper.swift */,
			);
			path = Helper;
			sourceTree = "<group>";
		};
		3CB2299928530B3E0054797B /* Themes */ = {
			isa = PBXGroup;
			children = (
				3CB2299B28530B860054797B /* UI */,
				3CB2299C28530B950054797B /* Fonts */,
				3CB2299A28530B520054797B /* Colors */,
			);
			path = Themes;
			sourceTree = "<group>";
		};
		3CB2299A28530B520054797B /* Colors */ = {
			isa = PBXGroup;
			children = (
				3CB2299D28530C280054797B /* Color.swift */,
			);
			path = Colors;
			sourceTree = "<group>";
		};
		3CB2299B28530B860054797B /* UI */ = {
			isa = PBXGroup;
			children = (
				15F087932860F41A00EB8E19 /* MealCell */,
				1595547C28606F2200FDF192 /* GlucoseFoodCell */,
				3CB2299F28530C4A0054797B /* DayFoodCell */,
			);
			path = UI;
			sourceTree = "<group>";
		};
		3CB2299C28530B950054797B /* Fonts */ = {
			isa = PBXGroup;
			children = (
			);
			path = Fonts;
			sourceTree = "<group>";
		};
		3CB2299F28530C4A0054797B /* DayFoodCell */ = {
			isa = PBXGroup;
			children = (
				3CB229A028530C7D0054797B /* DayFoodCell.swift */,
				3CB229A128530C7D0054797B /* DayFoodCell.xib */,
			);
			path = DayFoodCell;
			sourceTree = "<group>";
		};
		F91B515F28689DC800584437 /* EditMeals */ = {
			isa = PBXGroup;
			children = (
				F91B516028689EB200584437 /* EditMealsViewController.swift */,
				F91B516228689F3200584437 /* EditCategoryViewController.swift */,
				F91B516428689F8E00584437 /* EditMeals.storyboard */,
			);
			path = EditMeals;
			sourceTree = "<group>";
		};
		F94930D7284E549D005C0B43 = {
			isa = PBXGroup;
			children = (
				F94930E2284E549D005C0B43 /* DiaBeta */,
				F94930E1284E549D005C0B43 /* Products */,
				15F087A328673FD000EB8E19 /* Recovered References */,
			);
			sourceTree = "<group>";
		};
		F94930E1284E549D005C0B43 /* Products */ = {
			isa = PBXGroup;
			children = (
				F94930E0284E549D005C0B43 /* DiaBeta.app */,
			);
			name = Products;
			sourceTree = "<group>";
		};
		F94930E2284E549D005C0B43 /* DiaBeta */ = {
			isa = PBXGroup;
			children = (
				3CB2299928530B3E0054797B /* Themes */,
				3CB2298E2852F81A0054797B /* Feature */,
				3CB2299828530AFB0054797B /* Helper */,
				3CB2299628530ABE0054797B /* Utilities */,
				F94930E3284E549D005C0B43 /* AppDelegate.swift */,
				F94930E5284E549D005C0B43 /* SceneDelegate.swift */,
				A119A1D928632D0100719F67 /* Main.storyboard */,
				F94930EF284E549E005C0B43 /* Assets.xcassets */,
				F94930F1284E549E005C0B43 /* LaunchScreen.storyboard */,
				F94930F4284E549E005C0B43 /* Info.plist */,
			);
			path = DiaBeta;
			sourceTree = "<group>";
		};
/* End PBXGroup section */

/* Begin PBXNativeTarget section */
		F94930DF284E549D005C0B43 /* DiaBeta */ = {
			isa = PBXNativeTarget;
			buildConfigurationList = F94930F7284E549E005C0B43 /* Build configuration list for PBXNativeTarget "DiaBeta" */;
			buildPhases = (
				F94930DC284E549D005C0B43 /* Sources */,
				F94930DD284E549D005C0B43 /* Frameworks */,
				F94930DE284E549D005C0B43 /* Resources */,
			);
			buildRules = (
			);
			dependencies = (
			);
			name = DiaBeta;
			productName = DiaBeta;
			productReference = F94930E0284E549D005C0B43 /* DiaBeta.app */;
			productType = "com.apple.product-type.application";
		};
/* End PBXNativeTarget section */

/* Begin PBXProject section */
		F94930D8284E549D005C0B43 /* Project object */ = {
			isa = PBXProject;
			attributes = {
				BuildIndependentTargetsInParallel = 1;
				LastSwiftUpdateCheck = 1330;
				LastUpgradeCheck = 1330;
				TargetAttributes = {
					F94930DF284E549D005C0B43 = {
						CreatedOnToolsVersion = 13.3.1;
					};
				};
			};
			buildConfigurationList = F94930DB284E549D005C0B43 /* Build configuration list for PBXProject "DiaBeta" */;
			compatibilityVersion = "Xcode 13.0";
			developmentRegion = en;
			hasScannedForEncodings = 0;
			knownRegions = (
				en,
				Base,
			);
			mainGroup = F94930D7284E549D005C0B43;
			productRefGroup = F94930E1284E549D005C0B43 /* Products */;
			projectDirPath = "";
			projectRoot = "";
			targets = (
				F94930DF284E549D005C0B43 /* DiaBeta */,
			);
		};
/* End PBXProject section */

/* Begin PBXResourcesBuildPhase section */
		F94930DE284E549D005C0B43 /* Resources */ = {
			isa = PBXResourcesBuildPhase;
			buildActionMask = 2147483647;
			files = (
				A119A1DA28632D0100719F67 /* Main.storyboard in Resources */,
				3C3FB42B28546B800072351F /* DBTest.storyboard in Resources */,
				3CAE5DC2286857BD00958712 /* MealTableViewCell.xib in Resources */,
				F94930F3284E549E005C0B43 /* LaunchScreen.storyboard in Resources */,
				1595548828607B4500FDF192 /* MainScreen.storyboard in Resources */,
				3CAE5DC3286857BD00958712 /* Meal.storyboard in Resources */,
				F94930F0284E549E005C0B43 /* Assets.xcassets in Resources */,
				F91B516528689F8E00584437 /* EditMeals.storyboard in Resources */,
				15F087972860F49100EB8E19 /* TableViewCell.xib in Resources */,
				3CB229A328530C7D0054797B /* DayFoodCell.xib in Resources */,
				15F0878E2860C3EA00EB8E19 /* Sample.storyboard in Resources */,
				15F087AB286743C000EB8E19 /* MealsInput.storyboard in Resources */,
				3C3FB437285490090072351F /* siomay.jpeg in Resources */,
				159554802860716500FDF192 /* GlucoseFoodCell.xib in Resources */,
				15F0878C2860C3DB00EB8E19 /* InjectMeals.storyboard in Resources */,
				3CB22993285309BF0054797B /* Dummy.storyboard in Resources */,
				1595548A2860BFDB00FDF192 /* FoodDetail.storyboard in Resources */,
			);
			runOnlyForDeploymentPostprocessing = 0;
		};
/* End PBXResourcesBuildPhase section */

/* Begin PBXSourcesBuildPhase section */
		F94930DC284E549D005C0B43 /* Sources */ = {
			isa = PBXSourcesBuildPhase;
			buildActionMask = 2147483647;
			files = (
				F91B516328689F3200584437 /* EditCategoryViewController.swift in Sources */,
				3C2985F8285DE77400694432 /* GulaDarah+CoreDataProperties.swift in Sources */,
				15F087902860C49300EB8E19 /* InjectMealsViewController.swift in Sources */,
				F94930E4284E549D005C0B43 /* AppDelegate.swift in Sources */,
				F94930EE284E549D005C0B43 /* DiaBeta.xcdatamodeld in Sources */,
				15F087B02867F3BF00EB8E19 /* CategoryViewController.swift in Sources */,
				15F087AA286743BF00EB8E19 /* MealsInputViewcontroller.swift in Sources */,
				F91B516128689EB200584437 /* EditMealsViewController.swift in Sources */,
				3C2985F5285DE77400694432 /* FoodInfo+CoreDataClass.swift in Sources */,
				3CB2299528530A4D0054797B /* DummyViewController.swift in Sources */,
				F94930E6284E549D005C0B43 /* SceneDelegate.swift in Sources */,
				3CAE5DC1286857BD00958712 /* MealTableViewCell.swift in Sources */,
				15955483286076CE00FDF192 /* MainScreen.swift in Sources */,
				3C2985F3285DE77400694432 /* Food+CoreDataClass.swift in Sources */,
				15F087922860C53E00EB8E19 /* SampleViewController.swift in Sources */,
				1595548C2860BFF900FDF192 /* FoodDetailViewController.swift in Sources */,
				15F087962860F49100EB8E19 /* TableViewCell.swift in Sources */,
				15F087AE286744D200EB8E19 /* SharedInfo.swift in Sources */,
				15F087A9286743BF00EB8E19 /* DictionaryExtension.swift in Sources */,
				3C3FB42D28546BCE0072351F /* DBTest.swift in Sources */,
				3CB229A228530C7D0054797B /* DayFoodCell.swift in Sources */,
				3CAE5DC6286857BD00958712 /* DateCollectionViewCell.swift in Sources */,
				1595547F2860716500FDF192 /* GlucoseFoodCell.swift in Sources */,
				3C2985F7285DE77400694432 /* GulaDarah+CoreDataClass.swift in Sources */,
				3CAE5DC828685A5D00958712 /* FoodViewController.swift in Sources */,
				3CB2299E28530C280054797B /* Color.swift in Sources */,
				3C3FB4392854971F0072351F /* DBHelper.swift in Sources */,
				3C2985F4285DE77400694432 /* Food+CoreDataProperties.swift in Sources */,
				3C2985F6285DE77400694432 /* FoodInfo+CoreDataProperties.swift in Sources */,
				3CAE5DC5286857BD00958712 /* MealViewController.swift in Sources */,
			);
			runOnlyForDeploymentPostprocessing = 0;
		};
/* End PBXSourcesBuildPhase section */

/* Begin PBXVariantGroup section */
		F94930F1284E549E005C0B43 /* LaunchScreen.storyboard */ = {
			isa = PBXVariantGroup;
			children = (
				F94930F2284E549E005C0B43 /* Base */,
			);
			name = LaunchScreen.storyboard;
			sourceTree = "<group>";
		};
/* End PBXVariantGroup section */

/* Begin XCBuildConfiguration section */
		F94930F5284E549E005C0B43 /* Debug */ = {
			isa = XCBuildConfiguration;
			buildSettings = {
				ALWAYS_SEARCH_USER_PATHS = NO;
				CLANG_ANALYZER_NONNULL = YES;
				CLANG_ANALYZER_NUMBER_OBJECT_CONVERSION = YES_AGGRESSIVE;
				CLANG_CXX_LANGUAGE_STANDARD = "gnu++17";
				CLANG_ENABLE_MODULES = YES;
				CLANG_ENABLE_OBJC_ARC = YES;
				CLANG_ENABLE_OBJC_WEAK = YES;
				CLANG_WARN_BLOCK_CAPTURE_AUTORELEASING = YES;
				CLANG_WARN_BOOL_CONVERSION = YES;
				CLANG_WARN_COMMA = YES;
				CLANG_WARN_CONSTANT_CONVERSION = YES;
				CLANG_WARN_DEPRECATED_OBJC_IMPLEMENTATIONS = YES;
				CLANG_WARN_DIRECT_OBJC_ISA_USAGE = YES_ERROR;
				CLANG_WARN_DOCUMENTATION_COMMENTS = YES;
				CLANG_WARN_EMPTY_BODY = YES;
				CLANG_WARN_ENUM_CONVERSION = YES;
				CLANG_WARN_INFINITE_RECURSION = YES;
				CLANG_WARN_INT_CONVERSION = YES;
				CLANG_WARN_NON_LITERAL_NULL_CONVERSION = YES;
				CLANG_WARN_OBJC_IMPLICIT_RETAIN_SELF = YES;
				CLANG_WARN_OBJC_LITERAL_CONVERSION = YES;
				CLANG_WARN_OBJC_ROOT_CLASS = YES_ERROR;
				CLANG_WARN_QUOTED_INCLUDE_IN_FRAMEWORK_HEADER = YES;
				CLANG_WARN_RANGE_LOOP_ANALYSIS = YES;
				CLANG_WARN_STRICT_PROTOTYPES = YES;
				CLANG_WARN_SUSPICIOUS_MOVE = YES;
				CLANG_WARN_UNGUARDED_AVAILABILITY = YES_AGGRESSIVE;
				CLANG_WARN_UNREACHABLE_CODE = YES;
				CLANG_WARN__DUPLICATE_METHOD_MATCH = YES;
				COPY_PHASE_STRIP = NO;
				DEBUG_INFORMATION_FORMAT = dwarf;
				ENABLE_STRICT_OBJC_MSGSEND = YES;
				ENABLE_TESTABILITY = YES;
				GCC_C_LANGUAGE_STANDARD = gnu11;
				GCC_DYNAMIC_NO_PIC = NO;
				GCC_NO_COMMON_BLOCKS = YES;
				GCC_OPTIMIZATION_LEVEL = 0;
				GCC_PREPROCESSOR_DEFINITIONS = (
					"DEBUG=1",
					"$(inherited)",
				);
				GCC_WARN_64_TO_32_BIT_CONVERSION = YES;
				GCC_WARN_ABOUT_RETURN_TYPE = YES_ERROR;
				GCC_WARN_UNDECLARED_SELECTOR = YES;
				GCC_WARN_UNINITIALIZED_AUTOS = YES_AGGRESSIVE;
				GCC_WARN_UNUSED_FUNCTION = YES;
				GCC_WARN_UNUSED_VARIABLE = YES;
				IPHONEOS_DEPLOYMENT_TARGET = 15.4;
				MTL_ENABLE_DEBUG_INFO = INCLUDE_SOURCE;
				MTL_FAST_MATH = YES;
				ONLY_ACTIVE_ARCH = YES;
				SDKROOT = iphoneos;
				SWIFT_ACTIVE_COMPILATION_CONDITIONS = DEBUG;
				SWIFT_OPTIMIZATION_LEVEL = "-Onone";
			};
			name = Debug;
		};
		F94930F6284E549E005C0B43 /* Release */ = {
			isa = XCBuildConfiguration;
			buildSettings = {
				ALWAYS_SEARCH_USER_PATHS = NO;
				CLANG_ANALYZER_NONNULL = YES;
				CLANG_ANALYZER_NUMBER_OBJECT_CONVERSION = YES_AGGRESSIVE;
				CLANG_CXX_LANGUAGE_STANDARD = "gnu++17";
				CLANG_ENABLE_MODULES = YES;
				CLANG_ENABLE_OBJC_ARC = YES;
				CLANG_ENABLE_OBJC_WEAK = YES;
				CLANG_WARN_BLOCK_CAPTURE_AUTORELEASING = YES;
				CLANG_WARN_BOOL_CONVERSION = YES;
				CLANG_WARN_COMMA = YES;
				CLANG_WARN_CONSTANT_CONVERSION = YES;
				CLANG_WARN_DEPRECATED_OBJC_IMPLEMENTATIONS = YES;
				CLANG_WARN_DIRECT_OBJC_ISA_USAGE = YES_ERROR;
				CLANG_WARN_DOCUMENTATION_COMMENTS = YES;
				CLANG_WARN_EMPTY_BODY = YES;
				CLANG_WARN_ENUM_CONVERSION = YES;
				CLANG_WARN_INFINITE_RECURSION = YES;
				CLANG_WARN_INT_CONVERSION = YES;
				CLANG_WARN_NON_LITERAL_NULL_CONVERSION = YES;
				CLANG_WARN_OBJC_IMPLICIT_RETAIN_SELF = YES;
				CLANG_WARN_OBJC_LITERAL_CONVERSION = YES;
				CLANG_WARN_OBJC_ROOT_CLASS = YES_ERROR;
				CLANG_WARN_QUOTED_INCLUDE_IN_FRAMEWORK_HEADER = YES;
				CLANG_WARN_RANGE_LOOP_ANALYSIS = YES;
				CLANG_WARN_STRICT_PROTOTYPES = YES;
				CLANG_WARN_SUSPICIOUS_MOVE = YES;
				CLANG_WARN_UNGUARDED_AVAILABILITY = YES_AGGRESSIVE;
				CLANG_WARN_UNREACHABLE_CODE = YES;
				CLANG_WARN__DUPLICATE_METHOD_MATCH = YES;
				COPY_PHASE_STRIP = NO;
				DEBUG_INFORMATION_FORMAT = "dwarf-with-dsym";
				ENABLE_NS_ASSERTIONS = NO;
				ENABLE_STRICT_OBJC_MSGSEND = YES;
				GCC_C_LANGUAGE_STANDARD = gnu11;
				GCC_NO_COMMON_BLOCKS = YES;
				GCC_WARN_64_TO_32_BIT_CONVERSION = YES;
				GCC_WARN_ABOUT_RETURN_TYPE = YES_ERROR;
				GCC_WARN_UNDECLARED_SELECTOR = YES;
				GCC_WARN_UNINITIALIZED_AUTOS = YES_AGGRESSIVE;
				GCC_WARN_UNUSED_FUNCTION = YES;
				GCC_WARN_UNUSED_VARIABLE = YES;
				IPHONEOS_DEPLOYMENT_TARGET = 15.4;
				MTL_ENABLE_DEBUG_INFO = NO;
				MTL_FAST_MATH = YES;
				SDKROOT = iphoneos;
				SWIFT_COMPILATION_MODE = wholemodule;
				SWIFT_OPTIMIZATION_LEVEL = "-O";
				VALIDATE_PRODUCT = YES;
			};
			name = Release;
		};
		F94930F8284E549E005C0B43 /* Debug */ = {
			isa = XCBuildConfiguration;
			buildSettings = {
				ASSETCATALOG_COMPILER_APPICON_NAME = AppIcon;
				ASSETCATALOG_COMPILER_GLOBAL_ACCENT_COLOR_NAME = AccentColor;
				CODE_SIGN_IDENTITY = "Apple Development";
				CODE_SIGN_STYLE = Automatic;
				CURRENT_PROJECT_VERSION = 1;
				DEVELOPMENT_TEAM = SLXHN25QU8;
				GENERATE_INFOPLIST_FILE = YES;
				INFOPLIST_FILE = DiaBeta/Info.plist;
				INFOPLIST_KEY_UIApplicationSupportsIndirectInputEvents = YES;
				INFOPLIST_KEY_UILaunchStoryboardName = LaunchScreen;
				INFOPLIST_KEY_UIMainStoryboardFile = Main;
				INFOPLIST_KEY_UISupportedInterfaceOrientations_iPad = "UIInterfaceOrientationPortrait UIInterfaceOrientationPortraitUpsideDown UIInterfaceOrientationLandscapeLeft UIInterfaceOrientationLandscapeRight";
				INFOPLIST_KEY_UISupportedInterfaceOrientations_iPhone = "UIInterfaceOrientationPortrait UIInterfaceOrientationLandscapeLeft UIInterfaceOrientationLandscapeRight";
				LD_RUNPATH_SEARCH_PATHS = (
					"$(inherited)",
					"@executable_path/Frameworks",
				);
				MARKETING_VERSION = 1.0;
				PRODUCT_BUNDLE_IDENTIFIER = com.fattah2402.DiaBeta;
				PRODUCT_NAME = "$(TARGET_NAME)";
				PROVISIONING_PROFILE_SPECIFIER = "";
				SWIFT_EMIT_LOC_STRINGS = YES;
				SWIFT_VERSION = 5.0;
				TARGETED_DEVICE_FAMILY = "1,2";
			};
			name = Debug;
		};
		F94930F9284E549E005C0B43 /* Release */ = {
			isa = XCBuildConfiguration;
			buildSettings = {
				ASSETCATALOG_COMPILER_APPICON_NAME = AppIcon;
				ASSETCATALOG_COMPILER_GLOBAL_ACCENT_COLOR_NAME = AccentColor;
				CODE_SIGN_IDENTITY = "Apple Development";
				CODE_SIGN_STYLE = Automatic;
				CURRENT_PROJECT_VERSION = 1;
				DEVELOPMENT_TEAM = SLXHN25QU8;
				GENERATE_INFOPLIST_FILE = YES;
				INFOPLIST_FILE = DiaBeta/Info.plist;
				INFOPLIST_KEY_UIApplicationSupportsIndirectInputEvents = YES;
				INFOPLIST_KEY_UILaunchStoryboardName = LaunchScreen;
				INFOPLIST_KEY_UIMainStoryboardFile = Main;
				INFOPLIST_KEY_UISupportedInterfaceOrientations_iPad = "UIInterfaceOrientationPortrait UIInterfaceOrientationPortraitUpsideDown UIInterfaceOrientationLandscapeLeft UIInterfaceOrientationLandscapeRight";
				INFOPLIST_KEY_UISupportedInterfaceOrientations_iPhone = "UIInterfaceOrientationPortrait UIInterfaceOrientationLandscapeLeft UIInterfaceOrientationLandscapeRight";
				LD_RUNPATH_SEARCH_PATHS = (
					"$(inherited)",
					"@executable_path/Frameworks",
				);
				MARKETING_VERSION = 1.0;
				PRODUCT_BUNDLE_IDENTIFIER = com.fattah2402.DiaBeta;
				PRODUCT_NAME = "$(TARGET_NAME)";
				PROVISIONING_PROFILE_SPECIFIER = "";
				SWIFT_EMIT_LOC_STRINGS = YES;
				SWIFT_VERSION = 5.0;
				TARGETED_DEVICE_FAMILY = "1,2";
			};
			name = Release;
		};
/* End XCBuildConfiguration section */

/* Begin XCConfigurationList section */
		F94930DB284E549D005C0B43 /* Build configuration list for PBXProject "DiaBeta" */ = {
			isa = XCConfigurationList;
			buildConfigurations = (
				F94930F5284E549E005C0B43 /* Debug */,
				F94930F6284E549E005C0B43 /* Release */,
			);
			defaultConfigurationIsVisible = 0;
			defaultConfigurationName = Release;
		};
		F94930F7284E549E005C0B43 /* Build configuration list for PBXNativeTarget "DiaBeta" */ = {
			isa = XCConfigurationList;
			buildConfigurations = (
				F94930F8284E549E005C0B43 /* Debug */,
				F94930F9284E549E005C0B43 /* Release */,
			);
			defaultConfigurationIsVisible = 0;
			defaultConfigurationName = Release;
		};
/* End XCConfigurationList section */

/* Begin XCVersionGroup section */
		F94930EC284E549D005C0B43 /* DiaBeta.xcdatamodeld */ = {
			isa = XCVersionGroup;
			children = (
				F94930ED284E549D005C0B43 /* DiaBeta.xcdatamodel */,
			);
			currentVersion = F94930ED284E549D005C0B43 /* DiaBeta.xcdatamodel */;
			name = DiaBeta.xcdatamodeld;
			path = ../../DiaBeta.xcdatamodeld;
			sourceTree = "<group>";
			versionGroupType = wrapper.xcdatamodel;
		};
/* End XCVersionGroup section */
	};
	rootObject = F94930D8284E549D005C0B43 /* Project object */;
}
